// !$*UTF8*$!
{
	archiveVersion = 1;
	classes = {
	};
	objectVersion = 55;
	objects = {

/* Begin PBXBuildFile section */
		A31B89A227E34B940094B27D /* AppDelegate.swift in Sources */ = {isa = PBXBuildFile; fileRef = A31B89A127E34B940094B27D /* AppDelegate.swift */; };
		A31B89A427E34B940094B27D /* SceneDelegate.swift in Sources */ = {isa = PBXBuildFile; fileRef = A31B89A327E34B940094B27D /* SceneDelegate.swift */; };
		A31B89A627E34B940094B27D /* ViewController.swift in Sources */ = {isa = PBXBuildFile; fileRef = A31B89A527E34B940094B27D /* ViewController.swift */; };
		A31B89A927E34B940094B27D /* Main.storyboard in Resources */ = {isa = PBXBuildFile; fileRef = A31B89A727E34B940094B27D /* Main.storyboard */; };
		A31B89AB27E34B950094B27D /* Assets.xcassets in Resources */ = {isa = PBXBuildFile; fileRef = A31B89AA27E34B950094B27D /* Assets.xcassets */; };
		A31B89AE27E34B950094B27D /* LaunchScreen.storyboard in Resources */ = {isa = PBXBuildFile; fileRef = A31B89AC27E34B950094B27D /* LaunchScreen.storyboard */; };
		A31B89B627E34EA40094B27D /* UIViewExtension.swift in Sources */ = {isa = PBXBuildFile; fileRef = A31B89B527E34EA40094B27D /* UIViewExtension.swift */; };
		A31B89BB27E351CA0094B27D /* HomeViewController.swift in Sources */ = {isa = PBXBuildFile; fileRef = A31B89BA27E351CA0094B27D /* HomeViewController.swift */; };
		A31B89BF27E35A590094B27D /* HomeTableViewCell.swift in Sources */ = {isa = PBXBuildFile; fileRef = A31B89BE27E35A590094B27D /* HomeTableViewCell.swift */; };
/* End PBXBuildFile section */

/* Begin PBXFileReference section */
		A31B899E27E34B940094B27D /* Sanke $ Leader.app */ = {isa = PBXFileReference; explicitFileType = wrapper.application; includeInIndex = 0; path = "Sanke $ Leader.app"; sourceTree = BUILT_PRODUCTS_DIR; };
		A31B89A127E34B940094B27D /* AppDelegate.swift */ = {isa = PBXFileReference; lastKnownFileType = sourcecode.swift; path = AppDelegate.swift; sourceTree = "<group>"; };
		A31B89A327E34B940094B27D /* SceneDelegate.swift */ = {isa = PBXFileReference; lastKnownFileType = sourcecode.swift; path = SceneDelegate.swift; sourceTree = "<group>"; };
		A31B89A527E34B940094B27D /* ViewController.swift */ = {isa = PBXFileReference; lastKnownFileType = sourcecode.swift; path = ViewController.swift; sourceTree = "<group>"; };
		A31B89A827E34B940094B27D /* Base */ = {isa = PBXFileReference; lastKnownFileType = file.storyboard; name = Base; path = Base.lproj/Main.storyboard; sourceTree = "<group>"; };
		A31B89AA27E34B950094B27D /* Assets.xcassets */ = {isa = PBXFileReference; lastKnownFileType = folder.assetcatalog; path = Assets.xcassets; sourceTree = "<group>"; };
		A31B89AD27E34B950094B27D /* Base */ = {isa = PBXFileReference; lastKnownFileType = file.storyboard; name = Base; path = Base.lproj/LaunchScreen.storyboard; sourceTree = "<group>"; };
		A31B89AF27E34B950094B27D /* Info.plist */ = {isa = PBXFileReference; lastKnownFileType = text.plist.xml; path = Info.plist; sourceTree = "<group>"; };
		A31B89B527E34EA40094B27D /* UIViewExtension.swift */ = {isa = PBXFileReference; fileEncoding = 4; lastKnownFileType = sourcecode.swift; path = UIViewExtension.swift; sourceTree = "<group>"; };
		A31B89BA27E351CA0094B27D /* HomeViewController.swift */ = {isa = PBXFileReference; lastKnownFileType = sourcecode.swift; path = HomeViewController.swift; sourceTree = "<group>"; };
		A31B89BE27E35A590094B27D /* HomeTableViewCell.swift */ = {isa = PBXFileReference; lastKnownFileType = sourcecode.swift; path = HomeTableViewCell.swift; sourceTree = "<group>"; };
/* End PBXFileReference section */

/* Begin PBXFrameworksBuildPhase section */
		A31B899B27E34B940094B27D /* Frameworks */ = {
			isa = PBXFrameworksBuildPhase;
			buildActionMask = 2147483647;
			files = (
			);
			runOnlyForDeploymentPostprocessing = 0;
		};
/* End PBXFrameworksBuildPhase section */

/* Begin PBXGroup section */
		A31B899527E34B940094B27D = {
			isa = PBXGroup;
			children = (
				A31B89A027E34B940094B27D /* Sanke $ Leader */,
				A31B899F27E34B940094B27D /* Products */,
			);
			sourceTree = "<group>";
		};
		A31B899F27E34B940094B27D /* Products */ = {
			isa = PBXGroup;
			children = (
				A31B899E27E34B940094B27D /* Sanke $ Leader.app */,
			);
			name = Products;
			sourceTree = "<group>";
		};
		A31B89A027E34B940094B27D /* Sanke $ Leader */ = {
			isa = PBXGroup;
			children = (
				A31B89B727E351770094B27D /* Scene */,
				A31B89A127E34B940094B27D /* AppDelegate.swift */,
				A31B89A327E34B940094B27D /* SceneDelegate.swift */,
				A31B89A527E34B940094B27D /* ViewController.swift */,
				A31B89B527E34EA40094B27D /* UIViewExtension.swift */,
				A31B89A727E34B940094B27D /* Main.storyboard */,
				A31B89AA27E34B950094B27D /* Assets.xcassets */,
				A31B89AC27E34B950094B27D /* LaunchScreen.storyboard */,
				A31B89AF27E34B950094B27D /* Info.plist */,
			);
			path = "Sanke $ Leader";
			sourceTree = "<group>";
		};
		A31B89B727E351770094B27D /* Scene */ = {
			isa = PBXGroup;
			children = (
				A31B89B827E3518F0094B27D /* Home */,
			);
			path = Scene;
			sourceTree = "<group>";
		};
		A31B89B827E3518F0094B27D /* Home */ = {
			isa = PBXGroup;
			children = (
				A31B89BC27E35A300094B27D /* Cell */,
				A31B89B927E3519F0094B27D /* Controller */,
			);
			path = Home;
			sourceTree = "<group>";
		};
		A31B89B927E3519F0094B27D /* Controller */ = {
			isa = PBXGroup;
			children = (
				A31B89BA27E351CA0094B27D /* HomeViewController.swift */,
			);
			path = Controller;
			sourceTree = "<group>";
		};
		A31B89BC27E35A300094B27D /* Cell */ = {
			isa = PBXGroup;
			children = (
				A31B89BE27E35A590094B27D /* HomeTableViewCell.swift */,
			);
			path = Cell;
			sourceTree = "<group>";
		};
/* End PBXGroup section */

/* Begin PBXNativeTarget section */
		A31B899D27E34B940094B27D /* Sanke $ Leader */ = {
			isa = PBXNativeTarget;
			buildConfigurationList = A31B89B227E34B950094B27D /* Build configuration list for PBXNativeTarget "Sanke $ Leader" */;
			buildPhases = (
				A31B899A27E34B940094B27D /* Sources */,
				A31B899B27E34B940094B27D /* Frameworks */,
				A31B899C27E34B940094B27D /* Resources */,
			);
			buildRules = (
			);
			dependencies = (
			);
			name = "Sanke $ Leader";
			productName = "Sanke $ Leader";
			productReference = A31B899E27E34B940094B27D /* Sanke $ Leader.app */;
			productType = "com.apple.product-type.application";
		};
/* End PBXNativeTarget section */

/* Begin PBXProject section */
		A31B899627E34B940094B27D /* Project object */ = {
			isa = PBXProject;
			attributes = {
				BuildIndependentTargetsInParallel = 1;
				LastSwiftUpdateCheck = 1320;
				LastUpgradeCheck = 1320;
				TargetAttributes = {
					A31B899D27E34B940094B27D = {
						CreatedOnToolsVersion = 13.2.1;
					};
				};
			};
			buildConfigurationList = A31B899927E34B940094B27D /* Build configuration list for PBXProject "Sanke $ Leader" */;
			compatibilityVersion = "Xcode 13.0";
			developmentRegion = en;
			hasScannedForEncodings = 0;
			knownRegions = (
				en,
				Base,
			);
			mainGroup = A31B899527E34B940094B27D;
			productRefGroup = A31B899F27E34B940094B27D /* Products */;
			projectDirPath = "";
			projectRoot = "";
			targets = (
				A31B899D27E34B940094B27D /* Sanke $ Leader */,
			);
		};
/* End PBXProject section */

/* Begin PBXResourcesBuildPhase section */
		A31B899C27E34B940094B27D /* Resources */ = {
			isa = PBXResourcesBuildPhase;
			buildActionMask = 2147483647;
			files = (
				A31B89AE27E34B950094B27D /* LaunchScreen.storyboard in Resources */,
				A31B89AB27E34B950094B27D /* Assets.xcassets in Resources */,
				A31B89A927E34B940094B27D /* Main.storyboard in Resources */,
			);
			runOnlyForDeploymentPostprocessing = 0;
		};
/* End PBXResourcesBuildPhase section */

/* Begin PBXSourcesBuildPhase section */
		A31B899A27E34B940094B27D /* Sources */ = {
			isa = PBXSourcesBuildPhase;
			buildActionMask = 2147483647;
			files = (
				A31B89BF27E35A590094B27D /* HomeTableViewCell.swift in Sources */,
				A31B89BB27E351CA0094B27D /* HomeViewController.swift in Sources */,
				A31B89A627E34B940094B27D /* ViewController.swift in Sources */,
				A31B89A227E34B940094B27D /* AppDelegate.swift in Sources */,
				A31B89B627E34EA40094B27D /* UIViewExtension.swift in Sources */,
				A31B89A427E34B940094B27D /* SceneDelegate.swift in Sources */,
			);
			runOnlyForDeploymentPostprocessing = 0;
		};
/* End PBXSourcesBuildPhase section */

/* Begin PBXVariantGroup section */
		A31B89A727E34B940094B27D /* Main.storyboard */ = {
			isa = PBXVariantGroup;
			children = (
				A31B89A827E34B940094B27D /* Base */,
			);
			name = Main.storyboard;
			sourceTree = "<group>";
		};
		A31B89AC27E34B950094B27D /* LaunchScreen.storyboard */ = {
			isa = PBXVariantGroup;
			children = (
				A31B89AD27E34B950094B27D /* Base */,
			);
			name = LaunchScreen.storyboard;
			sourceTree = "<group>";
		};
/* End PBXVariantGroup section */

/* Begin XCBuildConfiguration section */
		A31B89B027E34B950094B27D /* Debug */ = {
			isa = XCBuildConfiguration;
			buildSettings = {
				ALWAYS_SEARCH_USER_PATHS = NO;
				CLANG_ANALYZER_NONNULL = YES;
				CLANG_ANALYZER_NUMBER_OBJECT_CONVERSION = YES_AGGRESSIVE;
				CLANG_CXX_LANGUAGE_STANDARD = "gnu++17";
				CLANG_CXX_LIBRARY = "libc++";
				CLANG_ENABLE_MODULES = YES;
				CLANG_ENABLE_OBJC_ARC = YES;
				CLANG_ENABLE_OBJC_WEAK = YES;
				CLANG_WARN_BLOCK_CAPTURE_AUTORELEASING = YES;
				CLANG_WARN_BOOL_CONVERSION = YES;
				CLANG_WARN_COMMA = YES;
				CLANG_WARN_CONSTANT_CONVERSION = YES;
				CLANG_WARN_DEPRECATED_OBJC_IMPLEMENTATIONS = YES;
				CLANG_WARN_DIRECT_OBJC_ISA_USAGE = YES_ERROR;
				CLANG_WARN_DOCUMENTATION_COMMENTS = YES;
				CLANG_WARN_EMPTY_BODY = YES;
				CLANG_WARN_ENUM_CONVERSION = YES;
				CLANG_WARN_INFINITE_RECURSION = YES;
				CLANG_WARN_INT_CONVERSION = YES;
				CLANG_WARN_NON_LITERAL_NULL_CONVERSION = YES;
				CLANG_WARN_OBJC_IMPLICIT_RETAIN_SELF = YES;
				CLANG_WARN_OBJC_LITERAL_CONVERSION = YES;
				CLANG_WARN_OBJC_ROOT_CLASS = YES_ERROR;
				CLANG_WARN_QUOTED_INCLUDE_IN_FRAMEWORK_HEADER = YES;
				CLANG_WARN_RANGE_LOOP_ANALYSIS = YES;
				CLANG_WARN_STRICT_PROTOTYPES = YES;
				CLANG_WARN_SUSPICIOUS_MOVE = YES;
				CLANG_WARN_UNGUARDED_AVAILABILITY = YES_AGGRESSIVE;
				CLANG_WARN_UNREACHABLE_CODE = YES;
				CLANG_WARN__DUPLICATE_METHOD_MATCH = YES;
				COPY_PHASE_STRIP = NO;
				DEBUG_INFORMATION_FORMAT = dwarf;
				ENABLE_STRICT_OBJC_MSGSEND = YES;
				ENABLE_TESTABILITY = YES;
				GCC_C_LANGUAGE_STANDARD = gnu11;
				GCC_DYNAMIC_NO_PIC = NO;
				GCC_NO_COMMON_BLOCKS = YES;
				GCC_OPTIMIZATION_LEVEL = 0;
				GCC_PREPROCESSOR_DEFINITIONS = (
					"DEBUG=1",
					"$(inherited)",
				);
				GCC_WARN_64_TO_32_BIT_CONVERSION = YES;
				GCC_WARN_ABOUT_RETURN_TYPE = YES_ERROR;
				GCC_WARN_UNDECLARED_SELECTOR = YES;
				GCC_WARN_UNINITIALIZED_AUTOS = YES_AGGRESSIVE;
				GCC_WARN_UNUSED_FUNCTION = YES;
				GCC_WARN_UNUSED_VARIABLE = YES;
				IPHONEOS_DEPLOYMENT_TARGET = 15.2;
				MTL_ENABLE_DEBUG_INFO = INCLUDE_SOURCE;
				MTL_FAST_MATH = YES;
				ONLY_ACTIVE_ARCH = YES;
				SDKROOT = iphoneos;
				SWIFT_ACTIVE_COMPILATION_CONDITIONS = DEBUG;
				SWIFT_OPTIMIZATION_LEVEL = "-Onone";
			};
			name = Debug;
		};
		A31B89B127E34B950094B27D /* Release */ = {
			isa = XCBuildConfiguration;
			buildSettings = {
				ALWAYS_SEARCH_USER_PATHS = NO;
				CLANG_ANALYZER_NONNULL = YES;
				CLANG_ANALYZER_NUMBER_OBJECT_CONVERSION = YES_AGGRESSIVE;
				CLANG_CXX_LANGUAGE_STANDARD = "gnu++17";
				CLANG_CXX_LIBRARY = "libc++";
				CLANG_ENABLE_MODULES = YES;
				CLANG_ENABLE_OBJC_ARC = YES;
				CLANG_ENABLE_OBJC_WEAK = YES;
				CLANG_WARN_BLOCK_CAPTURE_AUTORELEASING = YES;
				CLANG_WARN_BOOL_CONVERSION = YES;
				CLANG_WARN_COMMA = YES;
				CLANG_WARN_CONSTANT_CONVERSION = YES;
				CLANG_WARN_DEPRECATED_OBJC_IMPLEMENTATIONS = YES;
				CLANG_WARN_DIRECT_OBJC_ISA_USAGE = YES_ERROR;
				CLANG_WARN_DOCUMENTATION_COMMENTS = YES;
				CLANG_WARN_EMPTY_BODY = YES;
				CLANG_WARN_ENUM_CONVERSION = YES;
				CLANG_WARN_INFINITE_RECURSION = YES;
				CLANG_WARN_INT_CONVERSION = YES;
				CLANG_WARN_NON_LITERAL_NULL_CONVERSION = YES;
				CLANG_WARN_OBJC_IMPLICIT_RETAIN_SELF = YES;
				CLANG_WARN_OBJC_LITERAL_CONVERSION = YES;
				CLANG_WARN_OBJC_ROOT_CLASS = YES_ERROR;
				CLANG_WARN_QUOTED_INCLUDE_IN_FRAMEWORK_HEADER = YES;
				CLANG_WARN_RANGE_LOOP_ANALYSIS = YES;
				CLANG_WARN_STRICT_PROTOTYPES = YES;
				CLANG_WARN_SUSPICIOUS_MOVE = YES;
				CLANG_WARN_UNGUARDED_AVAILABILITY = YES_AGGRESSIVE;
				CLANG_WARN_UNREACHABLE_CODE = YES;
				CLANG_WARN__DUPLICATE_METHOD_MATCH = YES;
				COPY_PHASE_STRIP = NO;
				DEBUG_INFORMATION_FORMAT = "dwarf-with-dsym";
				ENABLE_NS_ASSERTIONS = NO;
				ENABLE_STRICT_OBJC_MSGSEND = YES;
				GCC_C_LANGUAGE_STANDARD = gnu11;
				GCC_NO_COMMON_BLOCKS = YES;
				GCC_WARN_64_TO_32_BIT_CONVERSION = YES;
				GCC_WARN_ABOUT_RETURN_TYPE = YES_ERROR;
				GCC_WARN_UNDECLARED_SELECTOR = YES;
				GCC_WARN_UNINITIALIZED_AUTOS = YES_AGGRESSIVE;
				GCC_WARN_UNUSED_FUNCTION = YES;
				GCC_WARN_UNUSED_VARIABLE = YES;
				IPHONEOS_DEPLOYMENT_TARGET = 15.2;
				MTL_ENABLE_DEBUG_INFO = NO;
				MTL_FAST_MATH = YES;
				SDKROOT = iphoneos;
				SWIFT_COMPILATION_MODE = wholemodule;
				SWIFT_OPTIMIZATION_LEVEL = "-O";
				VALIDATE_PRODUCT = YES;
			};
			name = Release;
		};
		A31B89B327E34B950094B27D /* Debug */ = {
			isa = XCBuildConfiguration;
			buildSettings = {
				ASSETCATALOG_COMPILER_APPICON_NAME = AppIcon;
				ASSETCATALOG_COMPILER_GLOBAL_ACCENT_COLOR_NAME = AccentColor;
				CODE_SIGN_STYLE = Automatic;
				CURRENT_PROJECT_VERSION = 1;
				DEVELOPMENT_TEAM = 32TV36G2F8;
				GENERATE_INFOPLIST_FILE = YES;
				INFOPLIST_FILE = "Sanke $ Leader/Info.plist";
				INFOPLIST_KEY_UIApplicationSupportsIndirectInputEvents = YES;
				INFOPLIST_KEY_UILaunchStoryboardName = LaunchScreen;
				INFOPLIST_KEY_UIMainStoryboardFile = Main;
				INFOPLIST_KEY_UISupportedInterfaceOrientations_iPad = "UIInterfaceOrientationPortrait UIInterfaceOrientationPortraitUpsideDown UIInterfaceOrientationLandscapeLeft UIInterfaceOrientationLandscapeRight";
				INFOPLIST_KEY_UISupportedInterfaceOrientations_iPhone = "UIInterfaceOrientationPortrait UIInterfaceOrientationLandscapeLeft UIInterfaceOrientationLandscapeRight";
				LD_RUNPATH_SEARCH_PATHS = (
					"$(inherited)",
					"@executable_path/Frameworks",
				);
				MARKETING_VERSION = 1.0;
				PRODUCT_BUNDLE_IDENTIFIER = "com.snake.Sanke---Leader";
				PRODUCT_NAME = "$(TARGET_NAME)";
				SWIFT_EMIT_LOC_STRINGS = YES;
				SWIFT_VERSION = 5.0;
				TARGETED_DEVICE_FAMILY = 1;
			};
			name = Debug;
		};
		A31B89B427E34B950094B27D /* Release */ = {
			isa = XCBuildConfiguration;
			buildSettings = {
				ASSETCATALOG_COMPILER_APPICON_NAME = AppIcon;
				ASSETCATALOG_COMPILER_GLOBAL_ACCENT_COLOR_NAME = AccentColor;
				CODE_SIGN_STYLE = Automatic;
				CURRENT_PROJECT_VERSION = 1;
				DEVELOPMENT_TEAM = 32TV36G2F8;
				GENERATE_INFOPLIST_FILE = YES;
				INFOPLIST_FILE = "Sanke $ Leader/Info.plist";
				INFOPLIST_KEY_UIApplicationSupportsIndirectInputEvents = YES;
				INFOPLIST_KEY_UILaunchStoryboardName = LaunchScreen;
				INFOPLIST_KEY_UIMainStoryboardFile = Main;
				INFOPLIST_KEY_UISupportedInterfaceOrientations_iPad = "UIInterfaceOrientationPortrait UIInterfaceOrientationPortraitUpsideDown UIInterfaceOrientationLandscapeLeft UIInterfaceOrientationLandscapeRight";
				INFOPLIST_KEY_UISupportedInterfaceOrientations_iPhone = "UIInterfaceOrientationPortrait UIInterfaceOrientationLandscapeLeft UIInterfaceOrientationLandscapeRight";
				LD_RUNPATH_SEARCH_PATHS = (
					"$(inherited)",
					"@executable_path/Frameworks",
				);
				MARKETING_VERSION = 1.0;
				PRODUCT_BUNDLE_IDENTIFIER = "com.snake.Sanke---Leader";
				PRODUCT_NAME = "$(TARGET_NAME)";
				SWIFT_EMIT_LOC_STRINGS = YES;
				SWIFT_VERSION = 5.0;
				TARGETED_DEVICE_FAMILY = 1;
			};
			name = Release;
		};
/* End XCBuildConfiguration section */

/* Begin XCConfigurationList section */
		A31B899927E34B940094B27D /* Build configuration list for PBXProject "Sanke $ Leader" */ = {
			isa = XCConfigurationList;
			buildConfigurations = (
				A31B89B027E34B950094B27D /* Debug */,
				A31B89B127E34B950094B27D /* Release */,
			);
			defaultConfigurationIsVisible = 0;
			defaultConfigurationName = Release;
		};
		A31B89B227E34B950094B27D /* Build configuration list for PBXNativeTarget "Sanke $ Leader" */ = {
			isa = XCConfigurationList;
			buildConfigurations = (
				A31B89B327E34B950094B27D /* Debug */,
				A31B89B427E34B950094B27D /* Release */,
			);
			defaultConfigurationIsVisible = 0;
			defaultConfigurationName = Release;
		};
/* End XCConfigurationList section */
	};
	rootObject = A31B899627E34B940094B27D /* Project object */;
}
